
Microsoft Visual Studio Solution File, Format Version 12.00
# Visual Studio 2012
Project("{D954291E-2A0B-460D-934E-DC6B0785DB48}") = "HalalGuide.Core", "HalalGuide.Core.shproj", "{3EDC9736-C8CA-4EF1-9E99-BF9C72E1A544}"
EndProject
Project("{FAE04EC0-301F-11D3-BF4B-00C04F79EFBC}") = "S3Storage", "..\S3Storage\S3Storage.csproj", "{8CFB233F-84F6-45B0-89A5-9CE3EA4E05E2}"
EndProject
Project("{FAE04EC0-301F-11D3-BF4B-00C04F79EFBC}") = "HalalGuide.iOS", "HalalGuide.iOS\HalalGuide.iOS.csproj", "{F1C43724-632D-4943-8941-9CAA43A6ED00}"
EndProject
Project("{FAE04EC0-301F-11D3-BF4B-00C04F79EFBC}") = "SimpleDBPersistence", "..\AWSSimpleDBPersistence\SimpleDBPersistence\SimpleDBPersistence.csproj", "{6545E392-67A6-46FC-9B8C-4011A725A1ED}"
EndProject
Project("{FAE04EC0-301F-11D3-BF4B-00C04F79EFBC}") = "HalalGuide.Droid", "HalalGuide.Droid\HalalGuide.Droid.csproj", "{673B1636-6AC3-479F-BB4A-9F1AEA5C38AD}"
EndProject
Global
	GlobalSection(SolutionConfigurationPlatforms) = preSolution
		Debug|Any CPU = Debug|Any CPU
		Release|Any CPU = Release|Any CPU
		Debug|iPhoneSimulator = Debug|iPhoneSimulator
		Release|iPhoneSimulator = Release|iPhoneSimulator
		Debug|iPhone = Debug|iPhone
		Release|iPhone = Release|iPhone
		Ad-Hoc|iPhone = Ad-Hoc|iPhone
		AppStore|iPhone = AppStore|iPhone
		Ubertester|iPhone = Ubertester|iPhone
	EndGlobalSection
	GlobalSection(ProjectConfigurationPlatforms) = postSolution
		{6545E392-67A6-46FC-9B8C-4011A725A1ED}.Ad-Hoc|iPhone.ActiveCfg = Debug|Any CPU
		{6545E392-67A6-46FC-9B8C-4011A725A1ED}.Ad-Hoc|iPhone.Build.0 = Debug|Any CPU
		{6545E392-67A6-46FC-9B8C-4011A725A1ED}.AppStore|iPhone.ActiveCfg = Debug|Any CPU
		{6545E392-67A6-46FC-9B8C-4011A725A1ED}.AppStore|iPhone.Build.0 = Debug|Any CPU
		{6545E392-67A6-46FC-9B8C-4011A725A1ED}.Debug|Any CPU.ActiveCfg = Debug|Any CPU
		{6545E392-67A6-46FC-9B8C-4011A725A1ED}.Debug|Any CPU.Build.0 = Debug|Any CPU
		{6545E392-67A6-46FC-9B8C-4011A725A1ED}.Debug|iPhone.ActiveCfg = Debug|Any CPU
		{6545E392-67A6-46FC-9B8C-4011A725A1ED}.Debug|iPhone.Build.0 = Debug|Any CPU
		{6545E392-67A6-46FC-9B8C-4011A725A1ED}.Debug|iPhoneSimulator.ActiveCfg = Debug|Any CPU
		{6545E392-67A6-46FC-9B8C-4011A725A1ED}.Debug|iPhoneSimulator.Build.0 = Debug|Any CPU
		{6545E392-67A6-46FC-9B8C-4011A725A1ED}.Release|Any CPU.ActiveCfg = Release|Any CPU
		{6545E392-67A6-46FC-9B8C-4011A725A1ED}.Release|Any CPU.Build.0 = Release|Any CPU
		{6545E392-67A6-46FC-9B8C-4011A725A1ED}.Release|iPhone.ActiveCfg = Release|Any CPU
		{6545E392-67A6-46FC-9B8C-4011A725A1ED}.Release|iPhone.Build.0 = Release|Any CPU
		{6545E392-67A6-46FC-9B8C-4011A725A1ED}.Release|iPhoneSimulator.ActiveCfg = Release|Any CPU
		{6545E392-67A6-46FC-9B8C-4011A725A1ED}.Release|iPhoneSimulator.Build.0 = Release|Any CPU
		{6545E392-67A6-46FC-9B8C-4011A725A1ED}.Ubertester|iPhone.ActiveCfg = Release|Any CPU
		{6545E392-67A6-46FC-9B8C-4011A725A1ED}.Ubertester|iPhone.Build.0 = Release|Any CPU
		{673B1636-6AC3-479F-BB4A-9F1AEA5C38AD}.Ad-Hoc|iPhone.ActiveCfg = Release|Any CPU
		{673B1636-6AC3-479F-BB4A-9F1AEA5C38AD}.Ad-Hoc|iPhone.Build.0 = Release|Any CPU
		{673B1636-6AC3-479F-BB4A-9F1AEA5C38AD}.AppStore|iPhone.ActiveCfg = Release|Any CPU
		{673B1636-6AC3-479F-BB4A-9F1AEA5C38AD}.AppStore|iPhone.Build.0 = Release|Any CPU
		{673B1636-6AC3-479F-BB4A-9F1AEA5C38AD}.Debug|Any CPU.ActiveCfg = Debug|Any CPU
		{673B1636-6AC3-479F-BB4A-9F1AEA5C38AD}.Debug|Any CPU.Build.0 = Debug|Any CPU
		{673B1636-6AC3-479F-BB4A-9F1AEA5C38AD}.Debug|iPhone.ActiveCfg = Debug|Any CPU
		{673B1636-6AC3-479F-BB4A-9F1AEA5C38AD}.Debug|iPhone.Build.0 = Debug|Any CPU
		{673B1636-6AC3-479F-BB4A-9F1AEA5C38AD}.Debug|iPhoneSimulator.ActiveCfg = Debug|Any CPU
		{673B1636-6AC3-479F-BB4A-9F1AEA5C38AD}.Debug|iPhoneSimulator.Build.0 = Debug|Any CPU
		{673B1636-6AC3-479F-BB4A-9F1AEA5C38AD}.Release|Any CPU.ActiveCfg = Release|Any CPU
		{673B1636-6AC3-479F-BB4A-9F1AEA5C38AD}.Release|Any CPU.Build.0 = Release|Any CPU
		{673B1636-6AC3-479F-BB4A-9F1AEA5C38AD}.Release|iPhone.ActiveCfg = Release|Any CPU
		{673B1636-6AC3-479F-BB4A-9F1AEA5C38AD}.Release|iPhone.Build.0 = Release|Any CPU
		{673B1636-6AC3-479F-BB4A-9F1AEA5C38AD}.Release|iPhoneSimulator.ActiveCfg = Release|Any CPU
		{673B1636-6AC3-479F-BB4A-9F1AEA5C38AD}.Release|iPhoneSimulator.Build.0 = Release|Any CPU
		{673B1636-6AC3-479F-BB4A-9F1AEA5C38AD}.Ubertester|iPhone.ActiveCfg = Release|Any CPU
		{673B1636-6AC3-479F-BB4A-9F1AEA5C38AD}.Ubertester|iPhone.Build.0 = Release|Any CPU
		{8CFB233F-84F6-45B0-89A5-9CE3EA4E05E2}.Ad-Hoc|iPhone.ActiveCfg = Debug|Any CPU
		{8CFB233F-84F6-45B0-89A5-9CE3EA4E05E2}.Ad-Hoc|iPhone.Build.0 = Debug|Any CPU
		{8CFB233F-84F6-45B0-89A5-9CE3EA4E05E2}.AppStore|iPhone.ActiveCfg = Debug|Any CPU
		{8CFB233F-84F6-45B0-89A5-9CE3EA4E05E2}.AppStore|iPhone.Build.0 = Debug|Any CPU
		{8CFB233F-84F6-45B0-89A5-9CE3EA4E05E2}.Debug|Any CPU.ActiveCfg = Debug|Any CPU
		{8CFB233F-84F6-45B0-89A5-9CE3EA4E05E2}.Debug|Any CPU.Build.0 = Debug|Any CPU
		{8CFB233F-84F6-45B0-89A5-9CE3EA4E05E2}.Debug|iPhone.ActiveCfg = Debug|Any CPU
		{8CFB233F-84F6-45B0-89A5-9CE3EA4E05E2}.Debug|iPhone.Build.0 = Debug|Any CPU
		{8CFB233F-84F6-45B0-89A5-9CE3EA4E05E2}.Debug|iPhoneSimulator.ActiveCfg = Debug|Any CPU
		{8CFB233F-84F6-45B0-89A5-9CE3EA4E05E2}.Debug|iPhoneSimulator.Build.0 = Debug|Any CPU
		{8CFB233F-84F6-45B0-89A5-9CE3EA4E05E2}.Release|Any CPU.ActiveCfg = Release|Any CPU
		{8CFB233F-84F6-45B0-89A5-9CE3EA4E05E2}.Release|Any CPU.Build.0 = Release|Any CPU
		{8CFB233F-84F6-45B0-89A5-9CE3EA4E05E2}.Release|iPhone.ActiveCfg = Release|Any CPU
		{8CFB233F-84F6-45B0-89A5-9CE3EA4E05E2}.Release|iPhone.Build.0 = Release|Any CPU
		{8CFB233F-84F6-45B0-89A5-9CE3EA4E05E2}.Release|iPhoneSimulator.ActiveCfg = Release|Any CPU
		{8CFB233F-84F6-45B0-89A5-9CE3EA4E05E2}.Release|iPhoneSimulator.Build.0 = Release|Any CPU
		{8CFB233F-84F6-45B0-89A5-9CE3EA4E05E2}.Ubertester|iPhone.ActiveCfg = Release|Any CPU
		{8CFB233F-84F6-45B0-89A5-9CE3EA4E05E2}.Ubertester|iPhone.Build.0 = Release|Any CPU
		{F1C43724-632D-4943-8941-9CAA43A6ED00}.Ad-Hoc|iPhone.ActiveCfg = Ad-Hoc|iPhone
		{F1C43724-632D-4943-8941-9CAA43A6ED00}.Ad-Hoc|iPhone.Build.0 = Ad-Hoc|iPhone
		{F1C43724-632D-4943-8941-9CAA43A6ED00}.AppStore|iPhone.ActiveCfg = AppStore|iPhone
		{F1C43724-632D-4943-8941-9CAA43A6ED00}.AppStore|iPhone.Build.0 = AppStore|iPhone
		{F1C43724-632D-4943-8941-9CAA43A6ED00}.Debug|Any CPU.ActiveCfg = Debug|iPhoneSimulator
		{F1C43724-632D-4943-8941-9CAA43A6ED00}.Debug|Any CPU.Build.0 = Debug|iPhoneSimulator
		{F1C43724-632D-4943-8941-9CAA43A6ED00}.Debug|iPhone.ActiveCfg = Debug|iPhone
		{F1C43724-632D-4943-8941-9CAA43A6ED00}.Debug|iPhone.Build.0 = Debug|iPhone
		{F1C43724-632D-4943-8941-9CAA43A6ED00}.Debug|iPhoneSimulator.ActiveCfg = Debug|iPhoneSimulator
		{F1C43724-632D-4943-8941-9CAA43A6ED00}.Debug|iPhoneSimulator.Build.0 = Debug|iPhoneSimulator
		{F1C43724-632D-4943-8941-9CAA43A6ED00}.Release|Any CPU.ActiveCfg = Release|iPhoneSimulator
		{F1C43724-632D-4943-8941-9CAA43A6ED00}.Release|Any CPU.Build.0 = Release|iPhoneSimulator
		{F1C43724-632D-4943-8941-9CAA43A6ED00}.Release|iPhone.ActiveCfg = Release|iPhone
		{F1C43724-632D-4943-8941-9CAA43A6ED00}.Release|iPhone.Build.0 = Release|iPhone
		{F1C43724-632D-4943-8941-9CAA43A6ED00}.Release|iPhoneSimulator.ActiveCfg = Release|iPhoneSimulator
		{F1C43724-632D-4943-8941-9CAA43A6ED00}.Release|iPhoneSimulator.Build.0 = Release|iPhoneSimulator
		{F1C43724-632D-4943-8941-9CAA43A6ED00}.Ubertester|iPhone.ActiveCfg = Ad-Hoc|iPhone
		{F1C43724-632D-4943-8941-9CAA43A6ED00}.Ubertester|iPhone.Build.0 = Ad-Hoc|iPhone
	EndGlobalSection
	GlobalSection(MonoDevelopProperties) = preSolution
		StartupItem = HalalGuide.iOS\HalalGuide.iOS.csproj
		Policies = $0
		$0.DotNetNamingPolicy = $1
		$1.DirectoryNamespaceAssociation = PrefixedHierarchical
		$1.ResourceNamePolicy = FileFormatDefault
		version = 1.0.0
	EndGlobalSection
EndGlobal
