
Microsoft Visual Studio Solution File, Format Version 12.00
# Visual Studio 2012
Project("{D954291E-2A0B-460D-934E-DC6B0785DB48}") = "HalalGuide.Core", "HalalGuide.Core.shproj", "{3EDC9736-C8CA-4EF1-9E99-BF9C72E1A544}"
EndProject
Project("{FAE04EC0-301F-11D3-BF4B-00C04F79EFBC}") = "HalalGuideiOS", "HalalGuide.iOS\HalalGuideiOS.csproj", "{F1C43724-632D-4943-8941-9CAA43A6ED00}"
EndProject
Project("{FAE04EC0-301F-11D3-BF4B-00C04F79EFBC}") = "HalalGuide.Droid", "HalalGuide.Droid\HalalGuide.Droid.csproj", "{673B1636-6AC3-479F-BB4A-9F1AEA5C38AD}"
EndProject
Global
	GlobalSection(SolutionConfigurationPlatforms) = preSolution
		Debug|Any CPU = Debug|Any CPU
		Release|Any CPU = Release|Any CPU
		Debug|iPhoneSimulator = Debug|iPhoneSimulator
		Release|iPhoneSimulator = Release|iPhoneSimulator
		Debug|iPhone = Debug|iPhone
		Release|iPhone = Release|iPhone
		Ad-Hoc|iPhone = Ad-Hoc|iPhone
		AppStore|iPhone = AppStore|iPhone
	EndGlobalSection
	GlobalSection(ProjectConfigurationPlatforms) = postSolution
		{673B1636-6AC3-479F-BB4A-9F1AEA5C38AD}.Ad-Hoc|iPhone.ActiveCfg = Release|Any CPU
		{673B1636-6AC3-479F-BB4A-9F1AEA5C38AD}.Ad-Hoc|iPhone.Build.0 = Release|Any CPU
		{673B1636-6AC3-479F-BB4A-9F1AEA5C38AD}.AppStore|iPhone.ActiveCfg = Release|Any CPU
		{673B1636-6AC3-479F-BB4A-9F1AEA5C38AD}.AppStore|iPhone.Build.0 = Release|Any CPU
		{673B1636-6AC3-479F-BB4A-9F1AEA5C38AD}.Debug|Any CPU.ActiveCfg = Debug|Any CPU
		{673B1636-6AC3-479F-BB4A-9F1AEA5C38AD}.Debug|Any CPU.Build.0 = Debug|Any CPU
		{673B1636-6AC3-479F-BB4A-9F1AEA5C38AD}.Debug|iPhone.ActiveCfg = Debug|Any CPU
		{673B1636-6AC3-479F-BB4A-9F1AEA5C38AD}.Debug|iPhone.Build.0 = Debug|Any CPU
		{673B1636-6AC3-479F-BB4A-9F1AEA5C38AD}.Debug|iPhoneSimulator.ActiveCfg = Debug|Any CPU
		{673B1636-6AC3-479F-BB4A-9F1AEA5C38AD}.Debug|iPhoneSimulator.Build.0 = Debug|Any CPU
		{673B1636-6AC3-479F-BB4A-9F1AEA5C38AD}.Release|Any CPU.ActiveCfg = Release|Any CPU
		{673B1636-6AC3-479F-BB4A-9F1AEA5C38AD}.Release|Any CPU.Build.0 = Release|Any CPU
		{673B1636-6AC3-479F-BB4A-9F1AEA5C38AD}.Release|iPhone.ActiveCfg = Release|Any CPU
		{673B1636-6AC3-479F-BB4A-9F1AEA5C38AD}.Release|iPhone.Build.0 = Release|Any CPU
		{673B1636-6AC3-479F-BB4A-9F1AEA5C38AD}.Release|iPhoneSimulator.ActiveCfg = Release|Any CPU
		{673B1636-6AC3-479F-BB4A-9F1AEA5C38AD}.Release|iPhoneSimulator.Build.0 = Release|Any CPU
		{F1C43724-632D-4943-8941-9CAA43A6ED00}.Ad-Hoc|iPhone.ActiveCfg = Ad-Hoc|iPhone
		{F1C43724-632D-4943-8941-9CAA43A6ED00}.Ad-Hoc|iPhone.Build.0 = Ad-Hoc|iPhone
		{F1C43724-632D-4943-8941-9CAA43A6ED00}.AppStore|iPhone.ActiveCfg = AppStore|iPhone
		{F1C43724-632D-4943-8941-9CAA43A6ED00}.AppStore|iPhone.Build.0 = AppStore|iPhone
		{F1C43724-632D-4943-8941-9CAA43A6ED00}.Debug|Any CPU.ActiveCfg = Debug|iPhoneSimulator
		{F1C43724-632D-4943-8941-9CAA43A6ED00}.Debug|Any CPU.Build.0 = Debug|iPhoneSimulator
		{F1C43724-632D-4943-8941-9CAA43A6ED00}.Debug|iPhone.ActiveCfg = Debug|iPhone
		{F1C43724-632D-4943-8941-9CAA43A6ED00}.Debug|iPhone.Build.0 = Debug|iPhone
		{F1C43724-632D-4943-8941-9CAA43A6ED00}.Debug|iPhoneSimulator.ActiveCfg = Debug|iPhoneSimulator
		{F1C43724-632D-4943-8941-9CAA43A6ED00}.Debug|iPhoneSimulator.Build.0 = Debug|iPhoneSimulator
		{F1C43724-632D-4943-8941-9CAA43A6ED00}.Release|Any CPU.ActiveCfg = Release|iPhoneSimulator
		{F1C43724-632D-4943-8941-9CAA43A6ED00}.Release|Any CPU.Build.0 = Release|iPhoneSimulator
		{F1C43724-632D-4943-8941-9CAA43A6ED00}.Release|iPhone.ActiveCfg = Release|iPhone
		{F1C43724-632D-4943-8941-9CAA43A6ED00}.Release|iPhone.Build.0 = Release|iPhone
		{F1C43724-632D-4943-8941-9CAA43A6ED00}.Release|iPhoneSimulator.ActiveCfg = Release|iPhoneSimulator
		{F1C43724-632D-4943-8941-9CAA43A6ED00}.Release|iPhoneSimulator.Build.0 = Release|iPhoneSimulator
	EndGlobalSection
	GlobalSection(MonoDevelopProperties) = preSolution
		StartupItem = HalalGuide.iOS\HalalGuideiOS.csproj
		Policies = $0
		$0.DotNetNamingPolicy = $1
		$1.DirectoryNamespaceAssociation = PrefixedHierarchical
		$1.ResourceNamePolicy = FileFormatDefault
		version = 1.0.0
	EndGlobalSection
EndGlobal
